// !$*UTF8*$!
{
	archiveVersion = 1;
	classes = {
	};
	objectVersion = 46;
	objects = {

/* Begin PBXBuildFile section */
		026F648224EAB123002A59DD /* libAppAuth.a in Frameworks */ = {isa = PBXBuildFile; fileRef = 026F648124EAB123002A59DD /* libAppAuth.a */; };
		13B07FBC1A68108700A75B9A /* AppDelegate.m in Sources */ = {isa = PBXBuildFile; fileRef = 13B07FB01A68108700A75B9A /* AppDelegate.m */; };
		13B07FBD1A68108700A75B9A /* LaunchScreen.xib in Resources */ = {isa = PBXBuildFile; fileRef = 13B07FB11A68108700A75B9A /* LaunchScreen.xib */; };
		13B07FBF1A68108700A75B9A /* Images.xcassets in Resources */ = {isa = PBXBuildFile; fileRef = 13B07FB51A68108700A75B9A /* Images.xcassets */; };
		13B07FC11A68108700A75B9A /* main.m in Sources */ = {isa = PBXBuildFile; fileRef = 13B07FB71A68108700A75B9A /* main.m */; };
		3E461D99554A48A4959DE609 /* SplashScreen.storyboard in Resources */ = {isa = PBXBuildFile; fileRef = AA286B85B6C04FC6940260E9 /* SplashScreen.storyboard */; };
		BB2F792D24A3F905000567C9 /* Expo.plist in Resources */ = {isa = PBXBuildFile; fileRef = BB2F792C24A3F905000567C9 /* Expo.plist */; };
		F49CDE703B0345F0B4968884 /* libPods-PitchAI.a in Frameworks */ = {isa = PBXBuildFile; fileRef = 026F64D524EAB123002A59DD /* libPods-PitchAI.a */; };
/* End PBXBuildFile section */

/* Begin PBXFileReference section */
		008F07F21AC5B25A0029DE68 /* main.jsbundle */ = {isa = PBXFileReference; fileEncoding = 4; lastKnownFileType = text; path = main.jsbundle; sourceTree = "<group>"; };
		025FE65624ED855500E38AAD /* YogaKit.modulemap */ = {isa = PBXFileReference; lastKnownFileType = "sourcecode.module-map"; name = YogaKit.modulemap; path = "Pods/Target Support Files/YogaKit/YogaKit.modulemap"; sourceTree = "<group>"; };
		026F648124EAB123002A59DD /* libAppAuth.a */ = {isa = PBXFileReference; explicitFileType = archive.ar; path = libAppAuth.a; sourceTree = BUILT_PRODUCTS_DIR; };
		026F648324EAB123002A59DD /* libappcenter-analytics.a */ = {isa = PBXFileReference; explicitFileType = archive.ar; path = "libappcenter-analytics.a"; sourceTree = BUILT_PRODUCTS_DIR; };
		026F648524EAB123002A59DD /* libappcenter-core.a */ = {isa = PBXFileReference; explicitFileType = archive.ar; path = "libappcenter-core.a"; sourceTree = BUILT_PRODUCTS_DIR; };
		026F648724EAB123002A59DD /* libappcenter-crashes.a */ = {isa = PBXFileReference; explicitFileType = archive.ar; path = "libappcenter-crashes.a"; sourceTree = BUILT_PRODUCTS_DIR; };
		026F648924EAB123002A59DD /* libCocoaAsyncSocket.a */ = {isa = PBXFileReference; explicitFileType = archive.ar; path = libCocoaAsyncSocket.a; sourceTree = BUILT_PRODUCTS_DIR; };
		026F648B24EAB123002A59DD /* libDoubleConversion.a */ = {isa = PBXFileReference; explicitFileType = archive.ar; path = libDoubleConversion.a; sourceTree = BUILT_PRODUCTS_DIR; };
		026F648D24EAB123002A59DD /* libEXAppAuth.a */ = {isa = PBXFileReference; explicitFileType = archive.ar; path = libEXAppAuth.a; sourceTree = BUILT_PRODUCTS_DIR; };
		026F648F24EAB123002A59DD /* libEXAV.a */ = {isa = PBXFileReference; explicitFileType = archive.ar; path = libEXAV.a; sourceTree = BUILT_PRODUCTS_DIR; };
		026F649124EAB123002A59DD /* libEXConstants.a */ = {isa = PBXFileReference; explicitFileType = archive.ar; path = libEXConstants.a; sourceTree = BUILT_PRODUCTS_DIR; };
		026F649324EAB123002A59DD /* libEXCrypto.a */ = {isa = PBXFileReference; explicitFileType = archive.ar; path = libEXCrypto.a; sourceTree = BUILT_PRODUCTS_DIR; };
		026F649524EAB123002A59DD /* libEXDevice.a */ = {isa = PBXFileReference; explicitFileType = archive.ar; path = libEXDevice.a; sourceTree = BUILT_PRODUCTS_DIR; };
		026F649724EAB123002A59DD /* libEXDocumentPicker.a */ = {isa = PBXFileReference; explicitFileType = archive.ar; path = libEXDocumentPicker.a; sourceTree = BUILT_PRODUCTS_DIR; };
		026F649924EAB123002A59DD /* libEXErrorRecovery.a */ = {isa = PBXFileReference; explicitFileType = archive.ar; path = libEXErrorRecovery.a; sourceTree = BUILT_PRODUCTS_DIR; };
		026F649B24EAB123002A59DD /* libEXFacebook.a */ = {isa = PBXFileReference; explicitFileType = archive.ar; path = libEXFacebook.a; sourceTree = BUILT_PRODUCTS_DIR; };
		026F649D24EAB123002A59DD /* libEXFileSystem.a */ = {isa = PBXFileReference; explicitFileType = archive.ar; path = libEXFileSystem.a; sourceTree = BUILT_PRODUCTS_DIR; };
		026F649F24EAB123002A59DD /* libEXFont.a */ = {isa = PBXFileReference; explicitFileType = archive.ar; path = libEXFont.a; sourceTree = BUILT_PRODUCTS_DIR; };
		026F64A124EAB123002A59DD /* libEXImageLoader.a */ = {isa = PBXFileReference; explicitFileType = archive.ar; path = libEXImageLoader.a; sourceTree = BUILT_PRODUCTS_DIR; };
		026F64A324EAB123002A59DD /* libEXImagePicker.a */ = {isa = PBXFileReference; explicitFileType = archive.ar; path = libEXImagePicker.a; sourceTree = BUILT_PRODUCTS_DIR; };
		026F64A524EAB123002A59DD /* libEXKeepAwake.a */ = {isa = PBXFileReference; explicitFileType = archive.ar; path = libEXKeepAwake.a; sourceTree = BUILT_PRODUCTS_DIR; };
		026F64A724EAB123002A59DD /* libEXLinearGradient.a */ = {isa = PBXFileReference; explicitFileType = archive.ar; path = libEXLinearGradient.a; sourceTree = BUILT_PRODUCTS_DIR; };
		026F64A924EAB123002A59DD /* libEXLocalization.a */ = {isa = PBXFileReference; explicitFileType = archive.ar; path = libEXLocalization.a; sourceTree = BUILT_PRODUCTS_DIR; };
		026F64AB24EAB123002A59DD /* libEXLocation.a */ = {isa = PBXFileReference; explicitFileType = archive.ar; path = libEXLocation.a; sourceTree = BUILT_PRODUCTS_DIR; };
		026F64AD24EAB123002A59DD /* libEXMediaLibrary.a */ = {isa = PBXFileReference; explicitFileType = archive.ar; path = libEXMediaLibrary.a; sourceTree = BUILT_PRODUCTS_DIR; };
		026F64AF24EAB123002A59DD /* libEXPermissions.a */ = {isa = PBXFileReference; explicitFileType = archive.ar; path = libEXPermissions.a; sourceTree = BUILT_PRODUCTS_DIR; };
		026F64B124EAB123002A59DD /* libEXRandom.a */ = {isa = PBXFileReference; explicitFileType = archive.ar; path = libEXRandom.a; sourceTree = BUILT_PRODUCTS_DIR; };
		026F64B324EAB123002A59DD /* libEXScreenOrientation.a */ = {isa = PBXFileReference; explicitFileType = archive.ar; path = libEXScreenOrientation.a; sourceTree = BUILT_PRODUCTS_DIR; };
		026F64B524EAB123002A59DD /* libEXSplashScreen.a */ = {isa = PBXFileReference; explicitFileType = archive.ar; path = libEXSplashScreen.a; sourceTree = BUILT_PRODUCTS_DIR; };
		026F64B724EAB123002A59DD /* libEXSQLite.a */ = {isa = PBXFileReference; explicitFileType = archive.ar; path = libEXSQLite.a; sourceTree = BUILT_PRODUCTS_DIR; };
		026F64B924EAB123002A59DD /* libEXUpdates.a */ = {isa = PBXFileReference; explicitFileType = archive.ar; path = libEXUpdates.a; sourceTree = BUILT_PRODUCTS_DIR; };
		026F64BB24EAB123002A59DD /* libEXWebBrowser.a */ = {isa = PBXFileReference; explicitFileType = archive.ar; path = libEXWebBrowser.a; sourceTree = BUILT_PRODUCTS_DIR; };
		026F64BD24EAB123002A59DD /* libFBReactNativeSpec.a */ = {isa = PBXFileReference; explicitFileType = archive.ar; path = libFBReactNativeSpec.a; sourceTree = BUILT_PRODUCTS_DIR; };
		026F64BF24EAB123002A59DD /* libFBSDKCoreKit.a */ = {isa = PBXFileReference; explicitFileType = archive.ar; path = libFBSDKCoreKit.a; sourceTree = BUILT_PRODUCTS_DIR; };
		026F64C124EAB123002A59DD /* libFBSDKLoginKit.a */ = {isa = PBXFileReference; explicitFileType = archive.ar; path = libFBSDKLoginKit.a; sourceTree = BUILT_PRODUCTS_DIR; };
		026F64C324EAB123002A59DD /* libFlipper-DoubleConversion.a */ = {isa = PBXFileReference; explicitFileType = archive.ar; path = "libFlipper-DoubleConversion.a"; sourceTree = BUILT_PRODUCTS_DIR; };
		026F64C524EAB123002A59DD /* libFlipper-Folly.a */ = {isa = PBXFileReference; explicitFileType = archive.ar; path = "libFlipper-Folly.a"; sourceTree = BUILT_PRODUCTS_DIR; };
		026F64C724EAB123002A59DD /* libFlipper-Glog.a */ = {isa = PBXFileReference; explicitFileType = archive.ar; path = "libFlipper-Glog.a"; sourceTree = BUILT_PRODUCTS_DIR; };
		026F64C924EAB123002A59DD /* libFlipper-PeerTalk.a */ = {isa = PBXFileReference; explicitFileType = archive.ar; path = "libFlipper-PeerTalk.a"; sourceTree = BUILT_PRODUCTS_DIR; };
		026F64CB24EAB123002A59DD /* libFlipper-RSocket.a */ = {isa = PBXFileReference; explicitFileType = archive.ar; path = "libFlipper-RSocket.a"; sourceTree = BUILT_PRODUCTS_DIR; };
		026F64CD24EAB123002A59DD /* libFlipper.a */ = {isa = PBXFileReference; explicitFileType = archive.ar; path = libFlipper.a; sourceTree = BUILT_PRODUCTS_DIR; };
		026F64CF24EAB123002A59DD /* libFlipperKit.a */ = {isa = PBXFileReference; explicitFileType = archive.ar; path = libFlipperKit.a; sourceTree = BUILT_PRODUCTS_DIR; };
		026F64D124EAB123002A59DD /* libFolly.a */ = {isa = PBXFileReference; explicitFileType = archive.ar; path = libFolly.a; sourceTree = BUILT_PRODUCTS_DIR; };
		026F64D324EAB123002A59DD /* libglog.a */ = {isa = PBXFileReference; explicitFileType = archive.ar; path = libglog.a; sourceTree = BUILT_PRODUCTS_DIR; };
		026F64D524EAB123002A59DD /* libPods-PitchAI.a */ = {isa = PBXFileReference; explicitFileType = archive.ar; path = "libPods-PitchAI.a"; sourceTree = BUILT_PRODUCTS_DIR; };
		026F64D724EAB123002A59DD /* libRCTTypeSafety.a */ = {isa = PBXFileReference; explicitFileType = archive.ar; path = libRCTTypeSafety.a; sourceTree = BUILT_PRODUCTS_DIR; };
		026F64D924EAB123002A59DD /* libReact-Core.a */ = {isa = PBXFileReference; explicitFileType = archive.ar; path = "libReact-Core.a"; sourceTree = BUILT_PRODUCTS_DIR; };
		026F64DB24EAB123002A59DD /* libReact-CoreModules.a */ = {isa = PBXFileReference; explicitFileType = archive.ar; path = "libReact-CoreModules.a"; sourceTree = BUILT_PRODUCTS_DIR; };
		026F64DD24EAB123002A59DD /* libReact-cxxreact.a */ = {isa = PBXFileReference; explicitFileType = archive.ar; path = "libReact-cxxreact.a"; sourceTree = BUILT_PRODUCTS_DIR; };
		026F64DF24EAB123002A59DD /* libReact-jsi.a */ = {isa = PBXFileReference; explicitFileType = archive.ar; path = "libReact-jsi.a"; sourceTree = BUILT_PRODUCTS_DIR; };
		026F64E124EAB123002A59DD /* libReact-jsiexecutor.a */ = {isa = PBXFileReference; explicitFileType = archive.ar; path = "libReact-jsiexecutor.a"; sourceTree = BUILT_PRODUCTS_DIR; };
		026F64E324EAB123002A59DD /* libReact-jsinspector.a */ = {isa = PBXFileReference; explicitFileType = archive.ar; path = "libReact-jsinspector.a"; sourceTree = BUILT_PRODUCTS_DIR; };
		026F64E524EAB123002A59DD /* libreact-native-background-upload.a */ = {isa = PBXFileReference; explicitFileType = archive.ar; path = "libreact-native-background-upload.a"; sourceTree = BUILT_PRODUCTS_DIR; };
		026F64E724EAB123002A59DD /* libreact-native-camera.a */ = {isa = PBXFileReference; explicitFileType = archive.ar; path = "libreact-native-camera.a"; sourceTree = BUILT_PRODUCTS_DIR; };
		026F64E924EAB123002A59DD /* libreact-native-netinfo.a */ = {isa = PBXFileReference; explicitFileType = archive.ar; path = "libreact-native-netinfo.a"; sourceTree = BUILT_PRODUCTS_DIR; };
		026F64EB24EAB123002A59DD /* libreact-native-orientation-locker.a */ = {isa = PBXFileReference; explicitFileType = archive.ar; path = "libreact-native-orientation-locker.a"; sourceTree = BUILT_PRODUCTS_DIR; };
		026F64ED24EAB123002A59DD /* libreact-native-safe-area-context.a */ = {isa = PBXFileReference; explicitFileType = archive.ar; path = "libreact-native-safe-area-context.a"; sourceTree = BUILT_PRODUCTS_DIR; };
		026F64EF24EAB123002A59DD /* libreact-native-slider.a */ = {isa = PBXFileReference; explicitFileType = archive.ar; path = "libreact-native-slider.a"; sourceTree = BUILT_PRODUCTS_DIR; };
		026F64F124EAB123002A59DD /* libreact-native-splash-screen.a */ = {isa = PBXFileReference; explicitFileType = archive.ar; path = "libreact-native-splash-screen.a"; sourceTree = BUILT_PRODUCTS_DIR; };
		026F64F324EAB123002A59DD /* libReact-RCTAnimation.a */ = {isa = PBXFileReference; explicitFileType = archive.ar; path = "libReact-RCTAnimation.a"; sourceTree = BUILT_PRODUCTS_DIR; };
		026F64F524EAB123002A59DD /* libReact-RCTBlob.a */ = {isa = PBXFileReference; explicitFileType = archive.ar; path = "libReact-RCTBlob.a"; sourceTree = BUILT_PRODUCTS_DIR; };
		026F64F724EAB124002A59DD /* libReact-RCTImage.a */ = {isa = PBXFileReference; explicitFileType = archive.ar; path = "libReact-RCTImage.a"; sourceTree = BUILT_PRODUCTS_DIR; };
		026F64F924EAB124002A59DD /* libReact-RCTLinking.a */ = {isa = PBXFileReference; explicitFileType = archive.ar; path = "libReact-RCTLinking.a"; sourceTree = BUILT_PRODUCTS_DIR; };
		026F64FB24EAB124002A59DD /* libReact-RCTNetwork.a */ = {isa = PBXFileReference; explicitFileType = archive.ar; path = "libReact-RCTNetwork.a"; sourceTree = BUILT_PRODUCTS_DIR; };
		026F64FD24EAB124002A59DD /* libReact-RCTSettings.a */ = {isa = PBXFileReference; explicitFileType = archive.ar; path = "libReact-RCTSettings.a"; sourceTree = BUILT_PRODUCTS_DIR; };
		026F64FF24EAB124002A59DD /* libReact-RCTText.a */ = {isa = PBXFileReference; explicitFileType = archive.ar; path = "libReact-RCTText.a"; sourceTree = BUILT_PRODUCTS_DIR; };
		026F650124EAB124002A59DD /* libReact-RCTVibration.a */ = {isa = PBXFileReference; explicitFileType = archive.ar; path = "libReact-RCTVibration.a"; sourceTree = BUILT_PRODUCTS_DIR; };
		026F650324EAB124002A59DD /* libReactCommon.a */ = {isa = PBXFileReference; explicitFileType = archive.ar; path = libReactCommon.a; sourceTree = BUILT_PRODUCTS_DIR; };
		026F650524EAB124002A59DD /* libRNCMaskedView.a */ = {isa = PBXFileReference; explicitFileType = archive.ar; path = libRNCMaskedView.a; sourceTree = BUILT_PRODUCTS_DIR; };
		026F650724EAB124002A59DD /* libRNDateTimePicker.a */ = {isa = PBXFileReference; explicitFileType = archive.ar; path = libRNDateTimePicker.a; sourceTree = BUILT_PRODUCTS_DIR; };
		026F650924EAB124002A59DD /* libRNGestureHandler.a */ = {isa = PBXFileReference; explicitFileType = archive.ar; path = libRNGestureHandler.a; sourceTree = BUILT_PRODUCTS_DIR; };
		026F650B24EAB124002A59DD /* libRNKeychain.a */ = {isa = PBXFileReference; explicitFileType = archive.ar; path = libRNKeychain.a; sourceTree = BUILT_PRODUCTS_DIR; };
		026F650D24EAB124002A59DD /* libRNReanimated.a */ = {isa = PBXFileReference; explicitFileType = archive.ar; path = libRNReanimated.a; sourceTree = BUILT_PRODUCTS_DIR; };
		026F650F24EAB124002A59DD /* libRNScreens.a */ = {isa = PBXFileReference; explicitFileType = archive.ar; path = libRNScreens.a; sourceTree = BUILT_PRODUCTS_DIR; };
		026F651124EAB124002A59DD /* libRNSecureStorage.a */ = {isa = PBXFileReference; explicitFileType = archive.ar; path = libRNSecureStorage.a; sourceTree = BUILT_PRODUCTS_DIR; };
		026F651324EAB124002A59DD /* libRNSVG.a */ = {isa = PBXFileReference; explicitFileType = archive.ar; path = libRNSVG.a; sourceTree = BUILT_PRODUCTS_DIR; };
		026F651524EAB124002A59DD /* libRNVectorIcons.a */ = {isa = PBXFileReference; explicitFileType = archive.ar; path = libRNVectorIcons.a; sourceTree = BUILT_PRODUCTS_DIR; };
		026F651724EAB124002A59DD /* libUMAppLoader.a */ = {isa = PBXFileReference; explicitFileType = archive.ar; path = libUMAppLoader.a; sourceTree = BUILT_PRODUCTS_DIR; };
		026F651924EAB124002A59DD /* libUMCore.a */ = {isa = PBXFileReference; explicitFileType = archive.ar; path = libUMCore.a; sourceTree = BUILT_PRODUCTS_DIR; };
		026F651B24EAB124002A59DD /* libUMPermissionsInterface.a */ = {isa = PBXFileReference; explicitFileType = archive.ar; path = libUMPermissionsInterface.a; sourceTree = BUILT_PRODUCTS_DIR; };
		026F651D24EAB124002A59DD /* libUMReactNativeAdapter.a */ = {isa = PBXFileReference; explicitFileType = archive.ar; path = libUMReactNativeAdapter.a; sourceTree = BUILT_PRODUCTS_DIR; };
		026F651F24EAB124002A59DD /* libYoga.a */ = {isa = PBXFileReference; explicitFileType = archive.ar; path = libYoga.a; sourceTree = BUILT_PRODUCTS_DIR; };
		026F652124EAB124002A59DD /* libYogaKit.a */ = {isa = PBXFileReference; explicitFileType = archive.ar; path = libYogaKit.a; sourceTree = BUILT_PRODUCTS_DIR; };
		02714DAA24F909BD00BA5569 /* libYogaKit.a */ = {isa = PBXFileReference; explicitFileType = archive.ar; path = libYogaKit.a; sourceTree = BUILT_PRODUCTS_DIR; };
		02714DAC24F90A2100BA5569 /* libYogaKit.a */ = {isa = PBXFileReference; explicitFileType = archive.ar; path = libYogaKit.a; sourceTree = BUILT_PRODUCTS_DIR; };
		13B07F961A680F5B00A75B9A /* pitchaimobile.app */ = {isa = PBXFileReference; explicitFileType = wrapper.application; includeInIndex = 0; path = pitchaimobile.app; sourceTree = BUILT_PRODUCTS_DIR; };
		13B07FAF1A68108700A75B9A /* AppDelegate.h */ = {isa = PBXFileReference; fileEncoding = 4; lastKnownFileType = sourcecode.c.h; name = AppDelegate.h; path = PitchAI/AppDelegate.h; sourceTree = "<group>"; };
		13B07FB01A68108700A75B9A /* AppDelegate.m */ = {isa = PBXFileReference; fileEncoding = 4; lastKnownFileType = sourcecode.c.objc; name = AppDelegate.m; path = PitchAI/AppDelegate.m; sourceTree = "<group>"; };
		13B07FB21A68108700A75B9A /* Base */ = {isa = PBXFileReference; lastKnownFileType = file.xib; name = Base; path = Base.lproj/LaunchScreen.xib; sourceTree = "<group>"; };
		13B07FB51A68108700A75B9A /* Images.xcassets */ = {isa = PBXFileReference; lastKnownFileType = folder.assetcatalog; name = Images.xcassets; path = PitchAI/Images.xcassets; sourceTree = "<group>"; };
		13B07FB61A68108700A75B9A /* Info.plist */ = {isa = PBXFileReference; fileEncoding = 4; lastKnownFileType = text.plist.xml; name = Info.plist; path = PitchAI/Info.plist; sourceTree = "<group>"; };
		13B07FB71A68108700A75B9A /* main.m */ = {isa = PBXFileReference; fileEncoding = 4; lastKnownFileType = sourcecode.c.objc; name = main.m; path = PitchAI/main.m; sourceTree = "<group>"; };
		8315020C3C26170DA0A110F7 /* Pods-PitchAI.release.xcconfig */ = {isa = PBXFileReference; includeInIndex = 1; lastKnownFileType = text.xcconfig; name = "Pods-PitchAI.release.xcconfig"; path = "Target Support Files/Pods-PitchAI/Pods-PitchAI.release.xcconfig"; sourceTree = "<group>"; };
		AA286B85B6C04FC6940260E9 /* SplashScreen.storyboard */ = {isa = PBXFileReference; fileEncoding = 4; lastKnownFileType = file.storyboard; name = SplashScreen.storyboard; path = PitchAI/SplashScreen.storyboard; sourceTree = "<group>"; };
		BB2F792C24A3F905000567C9 /* Expo.plist */ = {isa = PBXFileReference; fileEncoding = 4; lastKnownFileType = text.plist.xml; path = Expo.plist; sourceTree = "<group>"; };
		DB040967CD926B10054D3261 /* Pods-PitchAI.debug.xcconfig */ = {isa = PBXFileReference; includeInIndex = 1; lastKnownFileType = text.xcconfig; name = "Pods-PitchAI.debug.xcconfig"; path = "Target Support Files/Pods-PitchAI/Pods-PitchAI.debug.xcconfig"; sourceTree = "<group>"; };
		ED297162215061F000B7C4FE /* JavaScriptCore.framework */ = {isa = PBXFileReference; lastKnownFileType = wrapper.framework; name = JavaScriptCore.framework; path = System/Library/Frameworks/JavaScriptCore.framework; sourceTree = SDKROOT; };
		ED2971642150620600B7C4FE /* JavaScriptCore.framework */ = {isa = PBXFileReference; lastKnownFileType = wrapper.framework; name = JavaScriptCore.framework; path = Platforms/AppleTVOS.platform/Developer/SDKs/AppleTVOS12.0.sdk/System/Library/Frameworks/JavaScriptCore.framework; sourceTree = DEVELOPER_DIR; };
		FA7D686CC4DB80C00938413D /* libPods-PitchAI.a */ = {isa = PBXFileReference; explicitFileType = archive.ar; includeInIndex = 0; path = "libPods-PitchAI.a"; sourceTree = BUILT_PRODUCTS_DIR; };
/* End PBXFileReference section */

/* Begin PBXFrameworksBuildPhase section */
		13B07F8C1A680F5B00A75B9A /* Frameworks */ = {
			isa = PBXFrameworksBuildPhase;
			buildActionMask = 2147483647;
			files = (
				026F648224EAB123002A59DD /* libAppAuth.a in Frameworks */,
				F49CDE703B0345F0B4968884 /* libPods-PitchAI.a in Frameworks */,
			);
			runOnlyForDeploymentPostprocessing = 0;
		};
/* End PBXFrameworksBuildPhase section */

/* Begin PBXGroup section */
		13B07FAE1A68108700A75B9A /* PitchAI */ = {
			isa = PBXGroup;
			children = (
				BB2F792B24A3F905000567C9 /* Supporting */,
				008F07F21AC5B25A0029DE68 /* main.jsbundle */,
				13B07FAF1A68108700A75B9A /* AppDelegate.h */,
				13B07FB01A68108700A75B9A /* AppDelegate.m */,
				13B07FB51A68108700A75B9A /* Images.xcassets */,
				13B07FB61A68108700A75B9A /* Info.plist */,
				13B07FB11A68108700A75B9A /* LaunchScreen.xib */,
				13B07FB71A68108700A75B9A /* main.m */,
				AA286B85B6C04FC6940260E9 /* SplashScreen.storyboard */,
			);
			name = PitchAI;
			sourceTree = "<group>";
		};
		2D16E6871FA4F8E400B85C8A /* Frameworks */ = {
			isa = PBXGroup;
			children = (
				02714DAC24F90A2100BA5569 /* libYogaKit.a */,
				02714DAA24F909BD00BA5569 /* libYogaKit.a */,
				025FE65624ED855500E38AAD /* YogaKit.modulemap */,
				026F648124EAB123002A59DD /* libAppAuth.a */,
				026F648324EAB123002A59DD /* libappcenter-analytics.a */,
				026F648524EAB123002A59DD /* libappcenter-core.a */,
				026F648724EAB123002A59DD /* libappcenter-crashes.a */,
				026F648924EAB123002A59DD /* libCocoaAsyncSocket.a */,
				026F648B24EAB123002A59DD /* libDoubleConversion.a */,
				026F648D24EAB123002A59DD /* libEXAppAuth.a */,
				026F648F24EAB123002A59DD /* libEXAV.a */,
				026F649124EAB123002A59DD /* libEXConstants.a */,
				026F649324EAB123002A59DD /* libEXCrypto.a */,
				026F649524EAB123002A59DD /* libEXDevice.a */,
				026F649724EAB123002A59DD /* libEXDocumentPicker.a */,
				026F649924EAB123002A59DD /* libEXErrorRecovery.a */,
				026F649B24EAB123002A59DD /* libEXFacebook.a */,
				026F649D24EAB123002A59DD /* libEXFileSystem.a */,
				026F649F24EAB123002A59DD /* libEXFont.a */,
				026F64A124EAB123002A59DD /* libEXImageLoader.a */,
				026F64A324EAB123002A59DD /* libEXImagePicker.a */,
				026F64A524EAB123002A59DD /* libEXKeepAwake.a */,
				026F64A724EAB123002A59DD /* libEXLinearGradient.a */,
				026F64A924EAB123002A59DD /* libEXLocalization.a */,
				026F64AB24EAB123002A59DD /* libEXLocation.a */,
				026F64AD24EAB123002A59DD /* libEXMediaLibrary.a */,
				026F64AF24EAB123002A59DD /* libEXPermissions.a */,
				026F64B124EAB123002A59DD /* libEXRandom.a */,
				026F64B324EAB123002A59DD /* libEXScreenOrientation.a */,
				026F64B524EAB123002A59DD /* libEXSplashScreen.a */,
				026F64B724EAB123002A59DD /* libEXSQLite.a */,
				026F64B924EAB123002A59DD /* libEXUpdates.a */,
				026F64BB24EAB123002A59DD /* libEXWebBrowser.a */,
				026F64BD24EAB123002A59DD /* libFBReactNativeSpec.a */,
				026F64BF24EAB123002A59DD /* libFBSDKCoreKit.a */,
				026F64C124EAB123002A59DD /* libFBSDKLoginKit.a */,
				026F64C324EAB123002A59DD /* libFlipper-DoubleConversion.a */,
				026F64C524EAB123002A59DD /* libFlipper-Folly.a */,
				026F64C724EAB123002A59DD /* libFlipper-Glog.a */,
				026F64C924EAB123002A59DD /* libFlipper-PeerTalk.a */,
				026F64CB24EAB123002A59DD /* libFlipper-RSocket.a */,
				026F64CD24EAB123002A59DD /* libFlipper.a */,
				026F64CF24EAB123002A59DD /* libFlipperKit.a */,
				026F64D124EAB123002A59DD /* libFolly.a */,
				026F64D324EAB123002A59DD /* libglog.a */,
				026F64D524EAB123002A59DD /* libPods-PitchAI.a */,
				026F64D724EAB123002A59DD /* libRCTTypeSafety.a */,
				026F64D924EAB123002A59DD /* libReact-Core.a */,
				026F64DB24EAB123002A59DD /* libReact-CoreModules.a */,
				026F64DD24EAB123002A59DD /* libReact-cxxreact.a */,
				026F64DF24EAB123002A59DD /* libReact-jsi.a */,
				026F64E124EAB123002A59DD /* libReact-jsiexecutor.a */,
				026F64E324EAB123002A59DD /* libReact-jsinspector.a */,
				026F64E524EAB123002A59DD /* libreact-native-background-upload.a */,
				026F64E724EAB123002A59DD /* libreact-native-camera.a */,
				026F64E924EAB123002A59DD /* libreact-native-netinfo.a */,
				026F64EB24EAB123002A59DD /* libreact-native-orientation-locker.a */,
				026F64ED24EAB123002A59DD /* libreact-native-safe-area-context.a */,
				026F64EF24EAB123002A59DD /* libreact-native-slider.a */,
				026F64F124EAB123002A59DD /* libreact-native-splash-screen.a */,
				026F64F324EAB123002A59DD /* libReact-RCTAnimation.a */,
				026F64F524EAB123002A59DD /* libReact-RCTBlob.a */,
				026F64F724EAB124002A59DD /* libReact-RCTImage.a */,
				026F64F924EAB124002A59DD /* libReact-RCTLinking.a */,
				026F64FB24EAB124002A59DD /* libReact-RCTNetwork.a */,
				026F64FD24EAB124002A59DD /* libReact-RCTSettings.a */,
				026F64FF24EAB124002A59DD /* libReact-RCTText.a */,
				026F650124EAB124002A59DD /* libReact-RCTVibration.a */,
				026F650324EAB124002A59DD /* libReactCommon.a */,
				026F650524EAB124002A59DD /* libRNCMaskedView.a */,
				026F650724EAB124002A59DD /* libRNDateTimePicker.a */,
				026F650924EAB124002A59DD /* libRNGestureHandler.a */,
				026F650B24EAB124002A59DD /* libRNKeychain.a */,
				026F650D24EAB124002A59DD /* libRNReanimated.a */,
				026F650F24EAB124002A59DD /* libRNScreens.a */,
				026F651124EAB124002A59DD /* libRNSecureStorage.a */,
				026F651324EAB124002A59DD /* libRNSVG.a */,
				026F651524EAB124002A59DD /* libRNVectorIcons.a */,
				026F651724EAB124002A59DD /* libUMAppLoader.a */,
				026F651924EAB124002A59DD /* libUMCore.a */,
				026F651B24EAB124002A59DD /* libUMPermissionsInterface.a */,
				026F651D24EAB124002A59DD /* libUMReactNativeAdapter.a */,
				026F651F24EAB124002A59DD /* libYoga.a */,
				026F652124EAB124002A59DD /* libYogaKit.a */,
				ED297162215061F000B7C4FE /* JavaScriptCore.framework */,
				ED2971642150620600B7C4FE /* JavaScriptCore.framework */,
				FA7D686CC4DB80C00938413D /* libPods-PitchAI.a */,
			);
			name = Frameworks;
			sourceTree = "<group>";
		};
		832341AE1AAA6A7D00B99B32 /* Libraries */ = {
			isa = PBXGroup;
			children = (
			);
			name = Libraries;
			sourceTree = "<group>";
		};
		83CBB9F61A601CBA00E9B192 = {
			isa = PBXGroup;
			children = (
				13B07FAE1A68108700A75B9A /* PitchAI */,
				832341AE1AAA6A7D00B99B32 /* Libraries */,
				83CBBA001A601CBA00E9B192 /* Products */,
				2D16E6871FA4F8E400B85C8A /* Frameworks */,
				D65327D7A22EEC0BE12398D9 /* Pods */,
			);
			indentWidth = 2;
			sourceTree = "<group>";
			tabWidth = 2;
			usesTabs = 0;
		};
		83CBBA001A601CBA00E9B192 /* Products */ = {
			isa = PBXGroup;
			children = (
				13B07F961A680F5B00A75B9A /* pitchaimobile.app */,
			);
			name = Products;
			sourceTree = "<group>";
		};
		BB2F792B24A3F905000567C9 /* Supporting */ = {
			isa = PBXGroup;
			children = (
				BB2F792C24A3F905000567C9 /* Expo.plist */,
			);
			name = Supporting;
			path = PitchAI/Supporting;
			sourceTree = "<group>";
		};
		D65327D7A22EEC0BE12398D9 /* Pods */ = {
			isa = PBXGroup;
			children = (
				DB040967CD926B10054D3261 /* Pods-PitchAI.debug.xcconfig */,
				8315020C3C26170DA0A110F7 /* Pods-PitchAI.release.xcconfig */,
			);
			path = Pods;
			sourceTree = "<group>";
		};
/* End PBXGroup section */

/* Begin PBXNativeTarget section */
		13B07F861A680F5B00A75B9A /* PitchAI */ = {
			isa = PBXNativeTarget;
			buildConfigurationList = 13B07F931A680F5B00A75B9A /* Build configuration list for PBXNativeTarget "PitchAI" */;
			buildPhases = (
				72693EF5F585C1A02FF3514B /* [CP] Check Pods Manifest.lock */,
				FD10A7F022414F080027D42C /* Start Packager */,
				13B07F871A680F5B00A75B9A /* Sources */,
				13B07F8C1A680F5B00A75B9A /* Frameworks */,
				13B07F8E1A680F5B00A75B9A /* Resources */,
				00DD1BFF1BD5951E006B06BC /* Bundle React Native code and images */,
				006D18E01FC04B01DB30B682 /* [CP] Copy Pods Resources */,
			);
			buildRules = (
			);
			dependencies = (
			);
			name = PitchAI;
			productName = PitchAI;
			productReference = 13B07F961A680F5B00A75B9A /* pitchaimobile.app */;
			productType = "com.apple.product-type.application";
		};
/* End PBXNativeTarget section */

/* Begin PBXProject section */
		83CBB9F71A601CBA00E9B192 /* Project object */ = {
			isa = PBXProject;
			attributes = {
				LastUpgradeCheck = 1130;
				TargetAttributes = {
					13B07F861A680F5B00A75B9A = {
						DevelopmentTeam = U25LP3RSRK;
						LastSwiftMigration = 1120;
						ProvisioningStyle = Automatic;
					};
				};
			};
			buildConfigurationList = 83CBB9FA1A601CBA00E9B192 /* Build configuration list for PBXProject "PitchAI" */;
			compatibilityVersion = "Xcode 3.2";
			developmentRegion = en;
			hasScannedForEncodings = 0;
			knownRegions = (
				en,
				Base,
			);
			mainGroup = 83CBB9F61A601CBA00E9B192;
			productRefGroup = 83CBBA001A601CBA00E9B192 /* Products */;
			projectDirPath = "";
			projectRoot = "";
			targets = (
				13B07F861A680F5B00A75B9A /* PitchAI */,
			);
		};
/* End PBXProject section */

/* Begin PBXResourcesBuildPhase section */
		13B07F8E1A680F5B00A75B9A /* Resources */ = {
			isa = PBXResourcesBuildPhase;
			buildActionMask = 2147483647;
			files = (
				BB2F792D24A3F905000567C9 /* Expo.plist in Resources */,
				13B07FBF1A68108700A75B9A /* Images.xcassets in Resources */,
				13B07FBD1A68108700A75B9A /* LaunchScreen.xib in Resources */,
				3E461D99554A48A4959DE609 /* SplashScreen.storyboard in Resources */,
			);
			runOnlyForDeploymentPostprocessing = 0;
		};
/* End PBXResourcesBuildPhase section */

/* Begin PBXShellScriptBuildPhase section */
		006D18E01FC04B01DB30B682 /* [CP] Copy Pods Resources */ = {
			isa = PBXShellScriptBuildPhase;
			buildActionMask = 2147483647;
			files = (
			);
			inputPaths = (
				"${PODS_ROOT}/Target Support Files/Pods-PitchAI/Pods-PitchAI-resources.sh",
				"${PODS_ROOT}/FBSDKCoreKit/FacebookSDKStrings.bundle",
				"${PODS_ROOT}/../../node_modules/react-native-vector-icons/Fonts/AntDesign.ttf",
				"${PODS_ROOT}/../../node_modules/react-native-vector-icons/Fonts/Entypo.ttf",
				"${PODS_ROOT}/../../node_modules/react-native-vector-icons/Fonts/EvilIcons.ttf",
				"${PODS_ROOT}/../../node_modules/react-native-vector-icons/Fonts/Feather.ttf",
				"${PODS_ROOT}/../../node_modules/react-native-vector-icons/Fonts/FontAwesome.ttf",
				"${PODS_ROOT}/../../node_modules/react-native-vector-icons/Fonts/FontAwesome5_Brands.ttf",
				"${PODS_ROOT}/../../node_modules/react-native-vector-icons/Fonts/FontAwesome5_Regular.ttf",
				"${PODS_ROOT}/../../node_modules/react-native-vector-icons/Fonts/FontAwesome5_Solid.ttf",
				"${PODS_ROOT}/../../node_modules/react-native-vector-icons/Fonts/Fontisto.ttf",
				"${PODS_ROOT}/../../node_modules/react-native-vector-icons/Fonts/Foundation.ttf",
				"${PODS_ROOT}/../../node_modules/react-native-vector-icons/Fonts/Ionicons.ttf",
				"${PODS_ROOT}/../../node_modules/react-native-vector-icons/Fonts/MaterialCommunityIcons.ttf",
				"${PODS_ROOT}/../../node_modules/react-native-vector-icons/Fonts/MaterialIcons.ttf",
				"${PODS_ROOT}/../../node_modules/react-native-vector-icons/Fonts/Octicons.ttf",
				"${PODS_ROOT}/../../node_modules/react-native-vector-icons/Fonts/SimpleLineIcons.ttf",
				"${PODS_ROOT}/../../node_modules/react-native-vector-icons/Fonts/Zocial.ttf",
			);
			name = "[CP] Copy Pods Resources";
			outputPaths = (
				"${TARGET_BUILD_DIR}/${UNLOCALIZED_RESOURCES_FOLDER_PATH}/FacebookSDKStrings.bundle",
				"${TARGET_BUILD_DIR}/${UNLOCALIZED_RESOURCES_FOLDER_PATH}/AntDesign.ttf",
				"${TARGET_BUILD_DIR}/${UNLOCALIZED_RESOURCES_FOLDER_PATH}/Entypo.ttf",
				"${TARGET_BUILD_DIR}/${UNLOCALIZED_RESOURCES_FOLDER_PATH}/EvilIcons.ttf",
				"${TARGET_BUILD_DIR}/${UNLOCALIZED_RESOURCES_FOLDER_PATH}/Feather.ttf",
				"${TARGET_BUILD_DIR}/${UNLOCALIZED_RESOURCES_FOLDER_PATH}/FontAwesome.ttf",
				"${TARGET_BUILD_DIR}/${UNLOCALIZED_RESOURCES_FOLDER_PATH}/FontAwesome5_Brands.ttf",
				"${TARGET_BUILD_DIR}/${UNLOCALIZED_RESOURCES_FOLDER_PATH}/FontAwesome5_Regular.ttf",
				"${TARGET_BUILD_DIR}/${UNLOCALIZED_RESOURCES_FOLDER_PATH}/FontAwesome5_Solid.ttf",
				"${TARGET_BUILD_DIR}/${UNLOCALIZED_RESOURCES_FOLDER_PATH}/Fontisto.ttf",
				"${TARGET_BUILD_DIR}/${UNLOCALIZED_RESOURCES_FOLDER_PATH}/Foundation.ttf",
				"${TARGET_BUILD_DIR}/${UNLOCALIZED_RESOURCES_FOLDER_PATH}/Ionicons.ttf",
				"${TARGET_BUILD_DIR}/${UNLOCALIZED_RESOURCES_FOLDER_PATH}/MaterialCommunityIcons.ttf",
				"${TARGET_BUILD_DIR}/${UNLOCALIZED_RESOURCES_FOLDER_PATH}/MaterialIcons.ttf",
				"${TARGET_BUILD_DIR}/${UNLOCALIZED_RESOURCES_FOLDER_PATH}/Octicons.ttf",
				"${TARGET_BUILD_DIR}/${UNLOCALIZED_RESOURCES_FOLDER_PATH}/SimpleLineIcons.ttf",
				"${TARGET_BUILD_DIR}/${UNLOCALIZED_RESOURCES_FOLDER_PATH}/Zocial.ttf",
			);
			runOnlyForDeploymentPostprocessing = 0;
			shellPath = /bin/sh;
			shellScript = "\"${PODS_ROOT}/Target Support Files/Pods-PitchAI/Pods-PitchAI-resources.sh\"\n";
			showEnvVarsInLog = 0;
		};
		00DD1BFF1BD5951E006B06BC /* Bundle React Native code and images */ = {
			isa = PBXShellScriptBuildPhase;
			buildActionMask = 2147483647;
			files = (
			);
			inputPaths = (
			);
			name = "Bundle React Native code and images";
			outputPaths = (
			);
			runOnlyForDeploymentPostprocessing = 0;
			shellPath = /bin/sh;
			shellScript = "export NODE_BINARY=node\n../node_modules/react-native/scripts/react-native-xcode.sh\n../node_modules/expo-updates/scripts/create-manifest-ios.sh\n";
		};
		72693EF5F585C1A02FF3514B /* [CP] Check Pods Manifest.lock */ = {
			isa = PBXShellScriptBuildPhase;
			buildActionMask = 2147483647;
			files = (
			);
			inputFileListPaths = (
			);
			inputPaths = (
				"${PODS_PODFILE_DIR_PATH}/Podfile.lock",
				"${PODS_ROOT}/Manifest.lock",
			);
			name = "[CP] Check Pods Manifest.lock";
			outputFileListPaths = (
			);
			outputPaths = (
				"$(DERIVED_FILE_DIR)/Pods-PitchAI-checkManifestLockResult.txt",
			);
			runOnlyForDeploymentPostprocessing = 0;
			shellPath = /bin/sh;
			shellScript = "diff \"${PODS_PODFILE_DIR_PATH}/Podfile.lock\" \"${PODS_ROOT}/Manifest.lock\" > /dev/null\nif [ $? != 0 ] ; then\n    # print error to STDERR\n    echo \"error: The sandbox is not in sync with the Podfile.lock. Run 'pod install' or update your CocoaPods installation.\" >&2\n    exit 1\nfi\n# This output is used by Xcode 'outputs' to avoid re-running this script phase.\necho \"SUCCESS\" > \"${SCRIPT_OUTPUT_FILE_0}\"\n";
			showEnvVarsInLog = 0;
		};
		FD10A7F022414F080027D42C /* Start Packager */ = {
			isa = PBXShellScriptBuildPhase;
			buildActionMask = 2147483647;
			files = (
			);
			inputFileListPaths = (
			);
			inputPaths = (
			);
			name = "Start Packager";
			outputFileListPaths = (
			);
			outputPaths = (
			);
			runOnlyForDeploymentPostprocessing = 0;
			shellPath = /bin/sh;
			shellScript = "export RCT_METRO_PORT=\"${RCT_METRO_PORT:=8081}\"\necho \"export RCT_METRO_PORT=${RCT_METRO_PORT}\" > \"${SRCROOT}/../node_modules/react-native/scripts/.packager.env\"\nif [ -z \"${RCT_NO_LAUNCH_PACKAGER+xxx}\" ] ; then\n  if nc -w 5 -z localhost ${RCT_METRO_PORT} ; then\n    if ! curl -s \"http://localhost:${RCT_METRO_PORT}/status\" | grep -q \"packager-status:running\" ; then\n      echo \"Port ${RCT_METRO_PORT} already in use, packager is either not running or not running correctly\"\n      exit 2\n    fi\n  else\n    open \"$SRCROOT/../node_modules/react-native/scripts/launchPackager.command\" || echo \"Can't start packager automatically\"\n  fi\nfi\n";
			showEnvVarsInLog = 0;
		};
/* End PBXShellScriptBuildPhase section */

/* Begin PBXSourcesBuildPhase section */
		13B07F871A680F5B00A75B9A /* Sources */ = {
			isa = PBXSourcesBuildPhase;
			buildActionMask = 2147483647;
			files = (
				13B07FC11A68108700A75B9A /* main.m in Sources */,
				13B07FBC1A68108700A75B9A /* AppDelegate.m in Sources */,
			);
			runOnlyForDeploymentPostprocessing = 0;
		};
/* End PBXSourcesBuildPhase section */

/* Begin PBXVariantGroup section */
		13B07FB11A68108700A75B9A /* LaunchScreen.xib */ = {
			isa = PBXVariantGroup;
			children = (
				13B07FB21A68108700A75B9A /* Base */,
			);
			name = LaunchScreen.xib;
			path = PitchAI;
			sourceTree = "<group>";
		};
/* End PBXVariantGroup section */

/* Begin XCBuildConfiguration section */
		13B07F941A680F5B00A75B9A /* Debug */ = {
			isa = XCBuildConfiguration;
			baseConfigurationReference = DB040967CD926B10054D3261 /* Pods-PitchAI.debug.xcconfig */;
			buildSettings = {
				ASSETCATALOG_COMPILER_APPICON_NAME = AppIcon;
				CLANG_ENABLE_MODULES = YES;
				CODE_SIGN_ENTITLEMENTS = ./PitchAI/pitchaimobile.entitlements;
				CODE_SIGN_IDENTITY = "Apple Development";
				CODE_SIGN_STYLE = Automatic;
				CURRENT_PROJECT_VERSION = 1;
				DEVELOPMENT_TEAM = U25LP3RSRK;
				ENABLE_BITCODE = NO;
				GCC_PREPROCESSOR_DEFINITIONS = (
					"$(inherited)",
					"FB_SONARKIT_ENABLED=1",
				);
				INFOPLIST_FILE = PitchAI/Info.plist;
				IPHONEOS_DEPLOYMENT_TARGET = 10.0;
				LD_RUNPATH_SEARCH_PATHS = "$(inherited) @executable_path/Frameworks";
				OTHER_LDFLAGS = (
					"$(inherited)",
					"-lc++",
					"-ObjC",
				);
				PRODUCT_BUNDLE_IDENTIFIER = com.proplayai.pitchai;
				PRODUCT_NAME = pitchaimobile;
				PROVISIONING_PROFILE_SPECIFIER = "";
				SWIFT_OPTIMIZATION_LEVEL = "-Onone";
				SWIFT_VERSION = 5.0;
				VERSIONING_SYSTEM = "apple-generic";
			};
			name = Debug;
		};
		13B07F951A680F5B00A75B9A /* Release */ = {
			isa = XCBuildConfiguration;
			baseConfigurationReference = 8315020C3C26170DA0A110F7 /* Pods-PitchAI.release.xcconfig */;
			buildSettings = {
				ASSETCATALOG_COMPILER_APPICON_NAME = AppIcon;
				CLANG_ENABLE_MODULES = YES;
				CODE_SIGN_ENTITLEMENTS = ./PitchAI/pitchaimobile.entitlements;
				CODE_SIGN_IDENTITY = "Apple Development";
				"CODE_SIGN_IDENTITY[sdk=iphoneos*]" = "iPhone Developer";
				CODE_SIGN_STYLE = Automatic;
				CURRENT_PROJECT_VERSION = 1;
				DEVELOPMENT_TEAM = U25LP3RSRK;
				ENABLE_BITCODE = NO;
				INFOPLIST_FILE = PitchAI/Info.plist;
				IPHONEOS_DEPLOYMENT_TARGET = 10.0;
				LD_RUNPATH_SEARCH_PATHS = "$(inherited) @executable_path/Frameworks";
				OTHER_LDFLAGS = (
					"$(inherited)",
					"-lc++",
					"-ObjC",
				);
				PRODUCT_BUNDLE_IDENTIFIER = com.proplayai.pitchai;
				PRODUCT_NAME = pitchaimobile;
				PROVISIONING_PROFILE_SPECIFIER = "";
				SWIFT_VERSION = 5.0;
				VERSIONING_SYSTEM = "apple-generic";
			};
			name = Release;
		};
		83CBBA201A601CBA00E9B192 /* Debug */ = {
			isa = XCBuildConfiguration;
			buildSettings = {
				ALWAYS_SEARCH_USER_PATHS = NO;
				CLANG_ANALYZER_LOCALIZABILITY_NONLOCALIZED = YES;
				CLANG_CXX_LANGUAGE_STANDARD = "gnu++0x";
				CLANG_CXX_LIBRARY = "libc++";
				CLANG_ENABLE_MODULES = YES;
				CLANG_ENABLE_OBJC_ARC = YES;
				CLANG_WARN_BLOCK_CAPTURE_AUTORELEASING = YES;
				CLANG_WARN_BOOL_CONVERSION = YES;
				CLANG_WARN_COMMA = YES;
				CLANG_WARN_CONSTANT_CONVERSION = YES;
				CLANG_WARN_DEPRECATED_OBJC_IMPLEMENTATIONS = YES;
				CLANG_WARN_DIRECT_OBJC_ISA_USAGE = YES_ERROR;
				CLANG_WARN_EMPTY_BODY = YES;
				CLANG_WARN_ENUM_CONVERSION = YES;
				CLANG_WARN_INFINITE_RECURSION = YES;
				CLANG_WARN_INT_CONVERSION = YES;
				CLANG_WARN_NON_LITERAL_NULL_CONVERSION = YES;
				CLANG_WARN_OBJC_IMPLICIT_RETAIN_SELF = YES;
				CLANG_WARN_OBJC_LITERAL_CONVERSION = YES;
				CLANG_WARN_OBJC_ROOT_CLASS = YES_ERROR;
				CLANG_WARN_RANGE_LOOP_ANALYSIS = YES;
				CLANG_WARN_STRICT_PROTOTYPES = YES;
				CLANG_WARN_SUSPICIOUS_MOVE = YES;
				CLANG_WARN_UNREACHABLE_CODE = YES;
				CLANG_WARN__DUPLICATE_METHOD_MATCH = YES;
				CODE_SIGN_ENTITLEMENTS = ./PitchAI/pitchaimobile.entitlements;
				"CODE_SIGN_IDENTITY[sdk=iphoneos*]" = "iPhone Developer";
				COPY_PHASE_STRIP = NO;
				ENABLE_STRICT_OBJC_MSGSEND = YES;
				ENABLE_TESTABILITY = YES;
				GCC_C_LANGUAGE_STANDARD = gnu99;
				GCC_DYNAMIC_NO_PIC = NO;
				GCC_NO_COMMON_BLOCKS = YES;
				GCC_OPTIMIZATION_LEVEL = 0;
				GCC_PREPROCESSOR_DEFINITIONS = (
					"DEBUG=1",
					"$(inherited)",
				);
				GCC_SYMBOLS_PRIVATE_EXTERN = NO;
				GCC_WARN_64_TO_32_BIT_CONVERSION = YES;
				GCC_WARN_ABOUT_RETURN_TYPE = YES_ERROR;
				GCC_WARN_UNDECLARED_SELECTOR = YES;
				GCC_WARN_UNINITIALIZED_AUTOS = YES_AGGRESSIVE;
				GCC_WARN_UNUSED_FUNCTION = YES;
				GCC_WARN_UNUSED_VARIABLE = YES;
				IPHONEOS_DEPLOYMENT_TARGET = 10.0;
				LD_RUNPATH_SEARCH_PATHS = "/usr/lib/swift $(inherited)";
				LIBRARY_SEARCH_PATHS = (
					"\"$(TOOLCHAIN_DIR)/usr/lib/swift/$(PLATFORM_NAME)\"",
					"\"$(TOOLCHAIN_DIR)/usr/lib/swift-5.0/$(PLATFORM_NAME)\"",
					"\"$(inherited)\"",
				);
				MTL_ENABLE_DEBUG_INFO = YES;
				ONLY_ACTIVE_ARCH = YES;
				SDKROOT = iphoneos;
			};
			name = Debug;
		};
		83CBBA211A601CBA00E9B192 /* Release */ = {
			isa = XCBuildConfiguration;
			buildSettings = {
				ALWAYS_SEARCH_USER_PATHS = NO;
				CLANG_ANALYZER_LOCALIZABILITY_NONLOCALIZED = YES;
				CLANG_CXX_LANGUAGE_STANDARD = "gnu++0x";
				CLANG_CXX_LIBRARY = "libc++";
				CLANG_ENABLE_MODULES = YES;
				CLANG_ENABLE_OBJC_ARC = YES;
				CLANG_WARN_BLOCK_CAPTURE_AUTORELEASING = YES;
				CLANG_WARN_BOOL_CONVERSION = YES;
				CLANG_WARN_COMMA = YES;
				CLANG_WARN_CONSTANT_CONVERSION = YES;
				CLANG_WARN_DEPRECATED_OBJC_IMPLEMENTATIONS = YES;
				CLANG_WARN_DIRECT_OBJC_ISA_USAGE = YES_ERROR;
				CLANG_WARN_EMPTY_BODY = YES;
				CLANG_WARN_ENUM_CONVERSION = YES;
				CLANG_WARN_INFINITE_RECURSION = YES;
				CLANG_WARN_INT_CONVERSION = YES;
				CLANG_WARN_NON_LITERAL_NULL_CONVERSION = YES;
				CLANG_WARN_OBJC_IMPLICIT_RETAIN_SELF = YES;
				CLANG_WARN_OBJC_LITERAL_CONVERSION = YES;
				CLANG_WARN_OBJC_ROOT_CLASS = YES_ERROR;
				CLANG_WARN_RANGE_LOOP_ANALYSIS = YES;
				CLANG_WARN_STRICT_PROTOTYPES = YES;
				CLANG_WARN_SUSPICIOUS_MOVE = YES;
				CLANG_WARN_UNREACHABLE_CODE = YES;
				CLANG_WARN__DUPLICATE_METHOD_MATCH = YES;
				CODE_SIGN_ENTITLEMENTS = ./PitchAI/pitchaimobile.entitlements;
				"CODE_SIGN_IDENTITY[sdk=iphoneos*]" = "iPhone Developer";
				COPY_PHASE_STRIP = YES;
				ENABLE_NS_ASSERTIONS = NO;
				ENABLE_STRICT_OBJC_MSGSEND = YES;
				GCC_C_LANGUAGE_STANDARD = gnu99;
				GCC_NO_COMMON_BLOCKS = YES;
				GCC_WARN_64_TO_32_BIT_CONVERSION = YES;
				GCC_WARN_ABOUT_RETURN_TYPE = YES_ERROR;
				GCC_WARN_UNDECLARED_SELECTOR = YES;
				GCC_WARN_UNINITIALIZED_AUTOS = YES_AGGRESSIVE;
				GCC_WARN_UNUSED_FUNCTION = YES;
				GCC_WARN_UNUSED_VARIABLE = YES;
				IPHONEOS_DEPLOYMENT_TARGET = 10.0;
				LD_RUNPATH_SEARCH_PATHS = "/usr/lib/swift $(inherited)";
				LIBRARY_SEARCH_PATHS = (
					"\"$(TOOLCHAIN_DIR)/usr/lib/swift/$(PLATFORM_NAME)\"",
					"\"$(TOOLCHAIN_DIR)/usr/lib/swift-5.0/$(PLATFORM_NAME)\"",
					"\"$(inherited)\"",
				);
				MTL_ENABLE_DEBUG_INFO = NO;
				SDKROOT = iphoneos;
				VALIDATE_PRODUCT = YES;
			};
			name = Release;
		};
/* End XCBuildConfiguration section */

/* Begin XCConfigurationList section */
		13B07F931A680F5B00A75B9A /* Build configuration list for PBXNativeTarget "PitchAI" */ = {
			isa = XCConfigurationList;
			buildConfigurations = (
				13B07F941A680F5B00A75B9A /* Debug */,
				13B07F951A680F5B00A75B9A /* Release */,
			);
			defaultConfigurationIsVisible = 0;
			defaultConfigurationName = Release;
		};
		83CBB9FA1A601CBA00E9B192 /* Build configuration list for PBXProject "PitchAI" */ = {
			isa = XCConfigurationList;
			buildConfigurations = (
				83CBBA201A601CBA00E9B192 /* Debug */,
				83CBBA211A601CBA00E9B192 /* Release */,
			);
			defaultConfigurationIsVisible = 0;
			defaultConfigurationName = Release;
		};
/* End XCConfigurationList section */
	};
	rootObject = 83CBB9F71A601CBA00E9B192 /* Project object */;
}
